// !$*UTF8*$!
{
	archiveVersion = 1;
	classes = {
	};
	objectVersion = 55;
	objects = {

/* Begin PBXBuildFile section */
		200DA6672927EE2300A4108B /* challenge17swiftApp.swift in Sources */ = {isa = PBXBuildFile; fileRef = 200DA6662927EE2300A4108B /* challenge17swiftApp.swift */; };
		200DA6692927EE2300A4108B /* ContentView.swift in Sources */ = {isa = PBXBuildFile; fileRef = 200DA6682927EE2300A4108B /* ContentView.swift */; };
		200DA66B2927EE2500A4108B /* Assets.xcassets in Resources */ = {isa = PBXBuildFile; fileRef = 200DA66A2927EE2500A4108B /* Assets.xcassets */; };
		200DA66E2927EE2500A4108B /* Preview Assets.xcassets in Resources */ = {isa = PBXBuildFile; fileRef = 200DA66D2927EE2500A4108B /* Preview Assets.xcassets */; };
		200DA6782927EE2600A4108B /* challenge17swiftTests.swift in Sources */ = {isa = PBXBuildFile; fileRef = 200DA6772927EE2600A4108B /* challenge17swiftTests.swift */; };
		200DA6822927EE2600A4108B /* challenge17swiftUITests.swift in Sources */ = {isa = PBXBuildFile; fileRef = 200DA6812927EE2600A4108B /* challenge17swiftUITests.swift */; };
		200DA6842927EE2600A4108B /* challenge17swiftUITestsLaunchTests.swift in Sources */ = {isa = PBXBuildFile; fileRef = 200DA6832927EE2600A4108B /* challenge17swiftUITestsLaunchTests.swift */; };
/* End PBXBuildFile section */

/* Begin PBXContainerItemProxy section */
		200DA6742927EE2600A4108B /* PBXContainerItemProxy */ = {
			isa = PBXContainerItemProxy;
			containerPortal = 200DA65B2927EE2300A4108B /* Project object */;
			proxyType = 1;
			remoteGlobalIDString = 200DA6622927EE2300A4108B;
			remoteInfo = challenge17swift;
		};
		200DA67E2927EE2600A4108B /* PBXContainerItemProxy */ = {
			isa = PBXContainerItemProxy;
			containerPortal = 200DA65B2927EE2300A4108B /* Project object */;
			proxyType = 1;
			remoteGlobalIDString = 200DA6622927EE2300A4108B;
			remoteInfo = challenge17swift;
		};
/* End PBXContainerItemProxy section */

/* Begin PBXFileReference section */
		200DA6632927EE2300A4108B /* challenge17swift.app */ = {isa = PBXFileReference; explicitFileType = wrapper.application; includeInIndex = 0; path = challenge17swift.app; sourceTree = BUILT_PRODUCTS_DIR; };
		200DA6662927EE2300A4108B /* challenge17swiftApp.swift */ = {isa = PBXFileReference; lastKnownFileType = sourcecode.swift; path = challenge17swiftApp.swift; sourceTree = "<group>"; };
		200DA6682927EE2300A4108B /* ContentView.swift */ = {isa = PBXFileReference; lastKnownFileType = sourcecode.swift; path = ContentView.swift; sourceTree = "<group>"; };
		200DA66A2927EE2500A4108B /* Assets.xcassets */ = {isa = PBXFileReference; lastKnownFileType = folder.assetcatalog; path = Assets.xcassets; sourceTree = "<group>"; };
		200DA66D2927EE2500A4108B /* Preview Assets.xcassets */ = {isa = PBXFileReference; lastKnownFileType = folder.assetcatalog; path = "Preview Assets.xcassets"; sourceTree = "<group>"; };
		200DA6732927EE2600A4108B /* challenge17swiftTests.xctest */ = {isa = PBXFileReference; explicitFileType = wrapper.cfbundle; includeInIndex = 0; path = challenge17swiftTests.xctest; sourceTree = BUILT_PRODUCTS_DIR; };
		200DA6772927EE2600A4108B /* challenge17swiftTests.swift */ = {isa = PBXFileReference; lastKnownFileType = sourcecode.swift; path = challenge17swiftTests.swift; sourceTree = "<group>"; };
		200DA67D2927EE2600A4108B /* challenge17swiftUITests.xctest */ = {isa = PBXFileReference; explicitFileType = wrapper.cfbundle; includeInIndex = 0; path = challenge17swiftUITests.xctest; sourceTree = BUILT_PRODUCTS_DIR; };
		200DA6812927EE2600A4108B /* challenge17swiftUITests.swift */ = {isa = PBXFileReference; lastKnownFileType = sourcecode.swift; path = challenge17swiftUITests.swift; sourceTree = "<group>"; };
		200DA6832927EE2600A4108B /* challenge17swiftUITestsLaunchTests.swift */ = {isa = PBXFileReference; lastKnownFileType = sourcecode.swift; path = challenge17swiftUITestsLaunchTests.swift; sourceTree = "<group>"; };
/* End PBXFileReference section */

/* Begin PBXFrameworksBuildPhase section */
		200DA6602927EE2300A4108B /* Frameworks */ = {
			isa = PBXFrameworksBuildPhase;
			buildActionMask = 2147483647;
			files = (
			);
			runOnlyForDeploymentPostprocessing = 0;
		};
		200DA6702927EE2600A4108B /* Frameworks */ = {
			isa = PBXFrameworksBuildPhase;
			buildActionMask = 2147483647;
			files = (
			);
			runOnlyForDeploymentPostprocessing = 0;
		};
		200DA67A2927EE2600A4108B /* Frameworks */ = {
			isa = PBXFrameworksBuildPhase;
			buildActionMask = 2147483647;
			files = (
			);
			runOnlyForDeploymentPostprocessing = 0;
		};
/* End PBXFrameworksBuildPhase section */

/* Begin PBXGroup section */
		200DA65A2927EE2300A4108B = {
			isa = PBXGroup;
			children = (
				200DA6652927EE2300A4108B /* challenge17swift */,
				200DA6762927EE2600A4108B /* challenge17swiftTests */,
				200DA6802927EE2600A4108B /* challenge17swiftUITests */,
				200DA6642927EE2300A4108B /* Products */,
			);
			sourceTree = "<group>";
		};
		200DA6642927EE2300A4108B /* Products */ = {
			isa = PBXGroup;
			children = (
				200DA6632927EE2300A4108B /* challenge17swift.app */,
				200DA6732927EE2600A4108B /* challenge17swiftTests.xctest */,
				200DA67D2927EE2600A4108B /* challenge17swiftUITests.xctest */,
			);
			name = Products;
			sourceTree = "<group>";
		};
		200DA6652927EE2300A4108B /* challenge17swift */ = {
			isa = PBXGroup;
			children = (
				200DA6662927EE2300A4108B /* challenge17swiftApp.swift */,
				200DA6682927EE2300A4108B /* ContentView.swift */,
				200DA66A2927EE2500A4108B /* Assets.xcassets */,
				200DA66C2927EE2500A4108B /* Preview Content */,
			);
			path = challenge17swift;
			sourceTree = "<group>";
		};
		200DA66C2927EE2500A4108B /* Preview Content */ = {
			isa = PBXGroup;
			children = (
				200DA66D2927EE2500A4108B /* Preview Assets.xcassets */,
			);
			path = "Preview Content";
			sourceTree = "<group>";
		};
		200DA6762927EE2600A4108B /* challenge17swiftTests */ = {
			isa = PBXGroup;
			children = (
				200DA6772927EE2600A4108B /* challenge17swiftTests.swift */,
			);
			path = challenge17swiftTests;
			sourceTree = "<group>";
		};
		200DA6802927EE2600A4108B /* challenge17swiftUITests */ = {
			isa = PBXGroup;
			children = (
				200DA6812927EE2600A4108B /* challenge17swiftUITests.swift */,
				200DA6832927EE2600A4108B /* challenge17swiftUITestsLaunchTests.swift */,
			);
			path = challenge17swiftUITests;
			sourceTree = "<group>";
		};
/* End PBXGroup section */

/* Begin PBXNativeTarget section */
		200DA6622927EE2300A4108B /* challenge17swift */ = {
			isa = PBXNativeTarget;
			buildConfigurationList = 200DA6872927EE2600A4108B /* Build configuration list for PBXNativeTarget "challenge17swift" */;
			buildPhases = (
				200DA65F2927EE2300A4108B /* Sources */,
				200DA6602927EE2300A4108B /* Frameworks */,
				200DA6612927EE2300A4108B /* Resources */,
			);
			buildRules = (
			);
			dependencies = (
			);
			name = challenge17swift;
			productName = challenge17swift;
			productReference = 200DA6632927EE2300A4108B /* challenge17swift.app */;
			productType = "com.apple.product-type.application";
		};
		200DA6722927EE2600A4108B /* challenge17swiftTests */ = {
			isa = PBXNativeTarget;
			buildConfigurationList = 200DA68A2927EE2600A4108B /* Build configuration list for PBXNativeTarget "challenge17swiftTests" */;
			buildPhases = (
				200DA66F2927EE2600A4108B /* Sources */,
				200DA6702927EE2600A4108B /* Frameworks */,
				200DA6712927EE2600A4108B /* Resources */,
			);
			buildRules = (
			);
			dependencies = (
				200DA6752927EE2600A4108B /* PBXTargetDependency */,
			);
			name = challenge17swiftTests;
			productName = challenge17swiftTests;
			productReference = 200DA6732927EE2600A4108B /* challenge17swiftTests.xctest */;
			productType = "com.apple.product-type.bundle.unit-test";
		};
		200DA67C2927EE2600A4108B /* challenge17swiftUITests */ = {
			isa = PBXNativeTarget;
			buildConfigurationList = 200DA68D2927EE2600A4108B /* Build configuration list for PBXNativeTarget "challenge17swiftUITests" */;
			buildPhases = (
				200DA6792927EE2600A4108B /* Sources */,
				200DA67A2927EE2600A4108B /* Frameworks */,
				200DA67B2927EE2600A4108B /* Resources */,
			);
			buildRules = (
			);
			dependencies = (
				200DA67F2927EE2600A4108B /* PBXTargetDependency */,
			);
			name = challenge17swiftUITests;
			productName = challenge17swiftUITests;
			productReference = 200DA67D2927EE2600A4108B /* challenge17swiftUITests.xctest */;
			productType = "com.apple.product-type.bundle.ui-testing";
		};
/* End PBXNativeTarget section */

/* Begin PBXProject section */
		200DA65B2927EE2300A4108B /* Project object */ = {
			isa = PBXProject;
			attributes = {
				BuildIndependentTargetsInParallel = 1;
				LastSwiftUpdateCheck = 1320;
				LastUpgradeCheck = 1320;
				TargetAttributes = {
					200DA6622927EE2300A4108B = {
						CreatedOnToolsVersion = 13.2.1;
					};
					200DA6722927EE2600A4108B = {
						CreatedOnToolsVersion = 13.2.1;
						TestTargetID = 200DA6622927EE2300A4108B;
					};
					200DA67C2927EE2600A4108B = {
						CreatedOnToolsVersion = 13.2.1;
						TestTargetID = 200DA6622927EE2300A4108B;
					};
				};
			};
			buildConfigurationList = 200DA65E2927EE2300A4108B /* Build configuration list for PBXProject "challenge17swift" */;
			compatibilityVersion = "Xcode 13.0";
			developmentRegion = en;
			hasScannedForEncodings = 0;
			knownRegions = (
				en,
				Base,
			);
			mainGroup = 200DA65A2927EE2300A4108B;
			productRefGroup = 200DA6642927EE2300A4108B /* Products */;
			projectDirPath = "";
			projectRoot = "";
			targets = (
				200DA6622927EE2300A4108B /* challenge17swift */,
				200DA6722927EE2600A4108B /* challenge17swiftTests */,
				200DA67C2927EE2600A4108B /* challenge17swiftUITests */,
			);
		};
/* End PBXProject section */

/* Begin PBXResourcesBuildPhase section */
		200DA6612927EE2300A4108B /* Resources */ = {
			isa = PBXResourcesBuildPhase;
			buildActionMask = 2147483647;
			files = (
				200DA66E2927EE2500A4108B /* Preview Assets.xcassets in Resources */,
				200DA66B2927EE2500A4108B /* Assets.xcassets in Resources */,
			);
			runOnlyForDeploymentPostprocessing = 0;
		};
		200DA6712927EE2600A4108B /* Resources */ = {
			isa = PBXResourcesBuildPhase;
			buildActionMask = 2147483647;
			files = (
			);
			runOnlyForDeploymentPostprocessing = 0;
		};
		200DA67B2927EE2600A4108B /* Resources */ = {
			isa = PBXResourcesBuildPhase;
			buildActionMask = 2147483647;
			files = (
			);
			runOnlyForDeploymentPostprocessing = 0;
		};
/* End PBXResourcesBuildPhase section */

/* Begin PBXSourcesBuildPhase section */
		200DA65F2927EE2300A4108B /* Sources */ = {
			isa = PBXSourcesBuildPhase;
			buildActionMask = 2147483647;
			files = (
				200DA6692927EE2300A4108B /* ContentView.swift in Sources */,
				200DA6672927EE2300A4108B /* challenge17swiftApp.swift in Sources */,
			);
			runOnlyForDeploymentPostprocessing = 0;
		};
		200DA66F2927EE2600A4108B /* Sources */ = {
			isa = PBXSourcesBuildPhase;
			buildActionMask = 2147483647;
			files = (
				200DA6782927EE2600A4108B /* challenge17swiftTests.swift in Sources */,
			);
			runOnlyForDeploymentPostprocessing = 0;
		};
		200DA6792927EE2600A4108B /* Sources */ = {
			isa = PBXSourcesBuildPhase;
			buildActionMask = 2147483647;
			files = (
				200DA6842927EE2600A4108B /* challenge17swiftUITestsLaunchTests.swift in Sources */,
				200DA6822927EE2600A4108B /* challenge17swiftUITests.swift in Sources */,
			);
			runOnlyForDeploymentPostprocessing = 0;
		};
/* End PBXSourcesBuildPhase section */

/* Begin PBXTargetDependency section */
		200DA6752927EE2600A4108B /* PBXTargetDependency */ = {
			isa = PBXTargetDependency;
			target = 200DA6622927EE2300A4108B /* challenge17swift */;
			targetProxy = 200DA6742927EE2600A4108B /* PBXContainerItemProxy */;
		};
		200DA67F2927EE2600A4108B /* PBXTargetDependency */ = {
			isa = PBXTargetDependency;
			target = 200DA6622927EE2300A4108B /* challenge17swift */;
			targetProxy = 200DA67E2927EE2600A4108B /* PBXContainerItemProxy */;
		};
/* End PBXTargetDependency section */

/* Begin XCBuildConfiguration section */
		200DA6852927EE2600A4108B /* Debug */ = {
			isa = XCBuildConfiguration;
			buildSettings = {
				ALWAYS_SEARCH_USER_PATHS = NO;
				CLANG_ANALYZER_NONNULL = YES;
				CLANG_ANALYZER_NUMBER_OBJECT_CONVERSION = YES_AGGRESSIVE;
				CLANG_CXX_LANGUAGE_STANDARD = "gnu++17";
				CLANG_CXX_LIBRARY = "libc++";
				CLANG_ENABLE_MODULES = YES;
				CLANG_ENABLE_OBJC_ARC = YES;
				CLANG_ENABLE_OBJC_WEAK = YES;
				CLANG_WARN_BLOCK_CAPTURE_AUTORELEASING = YES;
				CLANG_WARN_BOOL_CONVERSION = YES;
				CLANG_WARN_COMMA = YES;
				CLANG_WARN_CONSTANT_CONVERSION = YES;
				CLANG_WARN_DEPRECATED_OBJC_IMPLEMENTATIONS = YES;
				CLANG_WARN_DIRECT_OBJC_ISA_USAGE = YES_ERROR;
				CLANG_WARN_DOCUMENTATION_COMMENTS = YES;
				CLANG_WARN_EMPTY_BODY = YES;
				CLANG_WARN_ENUM_CONVERSION = YES;
				CLANG_WARN_INFINITE_RECURSION = YES;
				CLANG_WARN_INT_CONVERSION = YES;
				CLANG_WARN_NON_LITERAL_NULL_CONVERSION = YES;
				CLANG_WARN_OBJC_IMPLICIT_RETAIN_SELF = YES;
				CLANG_WARN_OBJC_LITERAL_CONVERSION = YES;
				CLANG_WARN_OBJC_ROOT_CLASS = YES_ERROR;
				CLANG_WARN_QUOTED_INCLUDE_IN_FRAMEWORK_HEADER = YES;
				CLANG_WARN_RANGE_LOOP_ANALYSIS = YES;
				CLANG_WARN_STRICT_PROTOTYPES = YES;
				CLANG_WARN_SUSPICIOUS_MOVE = YES;
				CLANG_WARN_UNGUARDED_AVAILABILITY = YES_AGGRESSIVE;
				CLANG_WARN_UNREACHABLE_CODE = YES;
				CLANG_WARN__DUPLICATE_METHOD_MATCH = YES;
				COPY_PHASE_STRIP = NO;
				DEBUG_INFORMATION_FORMAT = dwarf;
				ENABLE_STRICT_OBJC_MSGSEND = YES;
				ENABLE_TESTABILITY = YES;
				GCC_C_LANGUAGE_STANDARD = gnu11;
				GCC_DYNAMIC_NO_PIC = NO;
				GCC_NO_COMMON_BLOCKS = YES;
				GCC_OPTIMIZATION_LEVEL = 0;
				GCC_PREPROCESSOR_DEFINITIONS = (
					"DEBUG=1",
					"$(inherited)",
				);
				GCC_WARN_64_TO_32_BIT_CONVERSION = YES;
				GCC_WARN_ABOUT_RETURN_TYPE = YES_ERROR;
				GCC_WARN_UNDECLARED_SELECTOR = YES;
				GCC_WARN_UNINITIALIZED_AUTOS = YES_AGGRESSIVE;
				GCC_WARN_UNUSED_FUNCTION = YES;
				GCC_WARN_UNUSED_VARIABLE = YES;
				IPHONEOS_DEPLOYMENT_TARGET = 15.2;
				MTL_ENABLE_DEBUG_INFO = INCLUDE_SOURCE;
				MTL_FAST_MATH = YES;
				ONLY_ACTIVE_ARCH = YES;
				SDKROOT = iphoneos;
				SWIFT_ACTIVE_COMPILATION_CONDITIONS = DEBUG;
				SWIFT_OPTIMIZATION_LEVEL = "-Onone";
			};
			name = Debug;
		};
		200DA6862927EE2600A4108B /* Release */ = {
			isa = XCBuildConfiguration;
			buildSettings = {
				ALWAYS_SEARCH_USER_PATHS = NO;
				CLANG_ANALYZER_NONNULL = YES;
				CLANG_ANALYZER_NUMBER_OBJECT_CONVERSION = YES_AGGRESSIVE;
				CLANG_CXX_LANGUAGE_STANDARD = "gnu++17";
				CLANG_CXX_LIBRARY = "libc++";
				CLANG_ENABLE_MODULES = YES;
				CLANG_ENABLE_OBJC_ARC = YES;
				CLANG_ENABLE_OBJC_WEAK = YES;
				CLANG_WARN_BLOCK_CAPTURE_AUTORELEASING = YES;
				CLANG_WARN_BOOL_CONVERSION = YES;
				CLANG_WARN_COMMA = YES;
				CLANG_WARN_CONSTANT_CONVERSION = YES;
				CLANG_WARN_DEPRECATED_OBJC_IMPLEMENTATIONS = YES;
				CLANG_WARN_DIRECT_OBJC_ISA_USAGE = YES_ERROR;
				CLANG_WARN_DOCUMENTATION_COMMENTS = YES;
				CLANG_WARN_EMPTY_BODY = YES;
				CLANG_WARN_ENUM_CONVERSION = YES;
				CLANG_WARN_INFINITE_RECURSION = YES;
				CLANG_WARN_INT_CONVERSION = YES;
				CLANG_WARN_NON_LITERAL_NULL_CONVERSION = YES;
				CLANG_WARN_OBJC_IMPLICIT_RETAIN_SELF = YES;
				CLANG_WARN_OBJC_LITERAL_CONVERSION = YES;
				CLANG_WARN_OBJC_ROOT_CLASS = YES_ERROR;
				CLANG_WARN_QUOTED_INCLUDE_IN_FRAMEWORK_HEADER = YES;
				CLANG_WARN_RANGE_LOOP_ANALYSIS = YES;
				CLANG_WARN_STRICT_PROTOTYPES = YES;
				CLANG_WARN_SUSPICIOUS_MOVE = YES;
				CLANG_WARN_UNGUARDED_AVAILABILITY = YES_AGGRESSIVE;
				CLANG_WARN_UNREACHABLE_CODE = YES;
				CLANG_WARN__DUPLICATE_METHOD_MATCH = YES;
				COPY_PHASE_STRIP = NO;
				DEBUG_INFORMATION_FORMAT = "dwarf-with-dsym";
				ENABLE_NS_ASSERTIONS = NO;
				ENABLE_STRICT_OBJC_MSGSEND = YES;
				GCC_C_LANGUAGE_STANDARD = gnu11;
				GCC_NO_COMMON_BLOCKS = YES;
				GCC_WARN_64_TO_32_BIT_CONVERSION = YES;
				GCC_WARN_ABOUT_RETURN_TYPE = YES_ERROR;
				GCC_WARN_UNDECLARED_SELECTOR = YES;
				GCC_WARN_UNINITIALIZED_AUTOS = YES_AGGRESSIVE;
				GCC_WARN_UNUSED_FUNCTION = YES;
				GCC_WARN_UNUSED_VARIABLE = YES;
				IPHONEOS_DEPLOYMENT_TARGET = 15.2;
				MTL_ENABLE_DEBUG_INFO = NO;
				MTL_FAST_MATH = YES;
				SDKROOT = iphoneos;
				SWIFT_COMPILATION_MODE = wholemodule;
				SWIFT_OPTIMIZATION_LEVEL = "-O";
				VALIDATE_PRODUCT = YES;
			};
			name = Release;
		};
		200DA6882927EE2600A4108B /* Debug */ = {
			isa = XCBuildConfiguration;
			buildSettings = {
				ASSETCATALOG_COMPILER_APPICON_NAME = AppIcon;
				ASSETCATALOG_COMPILER_GLOBAL_ACCENT_COLOR_NAME = AccentColor;
				CODE_SIGN_STYLE = Automatic;
				CURRENT_PROJECT_VERSION = 1;
				DEVELOPMENT_ASSET_PATHS = "\"challenge17swift/Preview Content\"";
				ENABLE_PREVIEWS = YES;
				GENERATE_INFOPLIST_FILE = YES;
				INFOPLIST_KEY_UIApplicationSceneManifest_Generation = YES;
				INFOPLIST_KEY_UIApplicationSupportsIndirectInputEvents = YES;
				INFOPLIST_KEY_UILaunchScreen_Generation = YES;
				INFOPLIST_KEY_UISupportedInterfaceOrientations_iPad = "UIInterfaceOrientationPortrait UIInterfaceOrientationPortraitUpsideDown UIInterfaceOrientationLandscapeLeft UIInterfaceOrientationLandscapeRight";
				INFOPLIST_KEY_UISupportedInterfaceOrientations_iPhone = "UIInterfaceOrientationPortrait UIInterfaceOrientationLandscapeLeft UIInterfaceOrientationLandscapeRight";
				LD_RUNPATH_SEARCH_PATHS = (
					"$(inherited)",
					"@executable_path/Frameworks",
				);
				MARKETING_VERSION = 1.0;
				PRODUCT_BUNDLE_IDENTIFIER = com.eton.ccomw.challenge17swift;
				PRODUCT_NAME = "$(TARGET_NAME)";
				SWIFT_EMIT_LOC_STRINGS = YES;
				SWIFT_VERSION = 5.0;
				TARGETED_DEVICE_FAMILY = "1,2";
			};
			name = Debug;
		};
		200DA6892927EE2600A4108B /* Release */ = {
			isa = XCBuildConfiguration;
			buildSettings = {
				ASSETCATALOG_COMPILER_APPICON_NAME = AppIcon;
				ASSETCATALOG_COMPILER_GLOBAL_ACCENT_COLOR_NAME = AccentColor;
				CODE_SIGN_STYLE = Automatic;
				CURRENT_PROJECT_VERSION = 1;
				DEVELOPMENT_ASSET_PATHS = "\"challenge17swift/Preview Content\"";
				ENABLE_PREVIEWS = YES;
				GENERATE_INFOPLIST_FILE = YES;
				INFOPLIST_KEY_UIApplicationSceneManifest_Generation = YES;
				INFOPLIST_KEY_UIApplicationSupportsIndirectInputEvents = YES;
				INFOPLIST_KEY_UILaunchScreen_Generation = YES;
				INFOPLIST_KEY_UISupportedInterfaceOrientations_iPad = "UIInterfaceOrientationPortrait UIInterfaceOrientationPortraitUpsideDown UIInterfaceOrientationLandscapeLeft UIInterfaceOrientationLandscapeRight";
				INFOPLIST_KEY_UISupportedInterfaceOrientations_iPhone = "UIInterfaceOrientationPortrait UIInterfaceOrientationLandscapeLeft UIInterfaceOrientationLandscapeRight";
				LD_RUNPATH_SEARCH_PATHS = (
					"$(inherited)",
					"@executable_path/Frameworks",
				);
				MARKETING_VERSION = 1.0;
				PRODUCT_BUNDLE_IDENTIFIER = com.eton.ccomw.challenge17swift;
				PRODUCT_NAME = "$(TARGET_NAME)";
				SWIFT_EMIT_LOC_STRINGS = YES;
				SWIFT_VERSION = 5.0;
				TARGETED_DEVICE_FAMILY = "1,2";
			};
			name = Release;
		};
		200DA68B2927EE2600A4108B /* Debug */ = {
			isa = XCBuildConfiguration;
			buildSettings = {
				ALWAYS_EMBED_SWIFT_STANDARD_LIBRARIES = YES;
				BUNDLE_LOADER = "$(TEST_HOST)";
				CODE_SIGN_STYLE = Automatic;
				CURRENT_PROJECT_VERSION = 1;
				GENERATE_INFOPLIST_FILE = YES;
				IPHONEOS_DEPLOYMENT_TARGET = 15.2;
				MARKETING_VERSION = 1.0;
				PRODUCT_BUNDLE_IDENTIFIER = com.eton.ccomw.challenge17swiftTests;
				PRODUCT_NAME = "$(TARGET_NAME)";
				SWIFT_EMIT_LOC_STRINGS = NO;
				SWIFT_VERSION = 5.0;
				TARGETED_DEVICE_FAMILY = "1,2";
				TEST_HOST = "$(BUILT_PRODUCTS_DIR)/challenge17swift.app/challenge17swift";
			};
			name = Debug;
		};
		200DA68C2927EE2600A4108B /* Release */ = {
			isa = XCBuildConfiguration;
			buildSettings = {
				ALWAYS_EMBED_SWIFT_STANDARD_LIBRARIES = YES;
				BUNDLE_LOADER = "$(TEST_HOST)";
				CODE_SIGN_STYLE = Automatic;
				CURRENT_PROJECT_VERSION = 1;
				GENERATE_INFOPLIST_FILE = YES;
				IPHONEOS_DEPLOYMENT_TARGET = 15.2;
				MARKETING_VERSION = 1.0;
				PRODUCT_BUNDLE_IDENTIFIER = com.eton.ccomw.challenge17swiftTests;
				PRODUCT_NAME = "$(TARGET_NAME)";
				SWIFT_EMIT_LOC_STRINGS = NO;
				SWIFT_VERSION = 5.0;
				TARGETED_DEVICE_FAMILY = "1,2";
				TEST_HOST = "$(BUILT_PRODUCTS_DIR)/challenge17swift.app/challenge17swift";
			};
			name = Release;
		};
		200DA68E2927EE2600A4108B /* Debug */ = {
			isa = XCBuildConfiguration;
			buildSettings = {
				ALWAYS_EMBED_SWIFT_STANDARD_LIBRARIES = YES;
				CODE_SIGN_STYLE = Automatic;
				CURRENT_PROJECT_VERSION = 1;
				GENERATE_INFOPLIST_FILE = YES;
				MARKETING_VERSION = 1.0;
				PRODUCT_BUNDLE_IDENTIFIER = com.eton.ccomw.challenge17swiftUITests;
				PRODUCT_NAME = "$(TARGET_NAME)";
				SWIFT_EMIT_LOC_STRINGS = NO;
				SWIFT_VERSION = 5.0;
				TARGETED_DEVICE_FAMILY = "1,2";
				TEST_TARGET_NAME = challenge17swift;
			};
			name = Debug;
		};
		200DA68F2927EE2600A4108B /* Release */ = {
			isa = XCBuildConfiguration;
			buildSettings = {
				ALWAYS_EMBED_SWIFT_STANDARD_LIBRARIES = YES;
				CODE_SIGN_STYLE = Automatic;
				CURRENT_PROJECT_VERSION = 1;
				GENERATE_INFOPLIST_FILE = YES;
				MARKETING_VERSION = 1.0;
				PRODUCT_BUNDLE_IDENTIFIER = com.eton.ccomw.challenge17swiftUITests;
				PRODUCT_NAME = "$(TARGET_NAME)";
				SWIFT_EMIT_LOC_STRINGS = NO;
				SWIFT_VERSION = 5.0;
				TARGETED_DEVICE_FAMILY = "1,2";
				TEST_TARGET_NAME = challenge17swift;
			};
			name = Release;
		};
/* End XCBuildConfiguration section */

/* Begin XCConfigurationList section */
		200DA65E2927EE2300A4108B /* Build configuration list for PBXProject "challenge17swift" */ = {
			isa = XCConfigurationList;
			buildConfigurations = (
				200DA6852927EE2600A4108B /* Debug */,
				200DA6862927EE2600A4108B /* Release */,
			);
			defaultConfigurationIsVisible = 0;
			defaultConfigurationName = Release;
		};
		200DA6872927EE2600A4108B /* Build configuration list for PBXNativeTarget "challenge17swift" */ = {
			isa = XCConfigurationList;
			buildConfigurations = (
				200DA6882927EE2600A4108B /* Debug */,
				200DA6892927EE2600A4108B /* Release */,
			);
			defaultConfigurationIsVisible = 0;
			defaultConfigurationName = Release;
		};
		200DA68A2927EE2600A4108B /* Build configuration list for PBXNativeTarget "challenge17swiftTests" */ = {
			isa = XCConfigurationList;
			buildConfigurations = (
				200DA68B2927EE2600A4108B /* Debug */,
				200DA68C2927EE2600A4108B /* Release */,
			);
			defaultConfigurationIsVisible = 0;
			defaultConfigurationName = Release;
		};
		200DA68D2927EE2600A4108B /* Build configuration list for PBXNativeTarget "challenge17swiftUITests" */ = {
			isa = XCConfigurationList;
			buildConfigurations = (
				200DA68E2927EE2600A4108B /* Debug */,
				200DA68F2927EE2600A4108B /* Release */,
			);
			defaultConfigurationIsVisible = 0;
			defaultConfigurationName = Release;
		};
/* End XCConfigurationList section */
	};
	rootObject = 200DA65B2927EE2300A4108B /* Project object */;
}
